// !$*UTF8*$!
{
	archiveVersion = 1;
	classes = {
	};
	objectVersion = 50;
	objects = {

/* Begin PBXBuildFile section */
		8C9DFD96236A8BE7002F02F3 /* AppDelegate.swift in Sources */ = {isa = PBXBuildFile; fileRef = 8C9DFD95236A8BE7002F02F3 /* AppDelegate.swift */; };
		8C9DFD98236A8BE7002F02F3 /* SceneDelegate.swift in Sources */ = {isa = PBXBuildFile; fileRef = 8C9DFD97236A8BE7002F02F3 /* SceneDelegate.swift */; };
		8C9DFD9A236A8BE7002F02F3 /* ContentView.swift in Sources */ = {isa = PBXBuildFile; fileRef = 8C9DFD99236A8BE7002F02F3 /* ContentView.swift */; };
		8C9DFD9C236A8BEC002F02F3 /* Assets.xcassets in Resources */ = {isa = PBXBuildFile; fileRef = 8C9DFD9B236A8BEC002F02F3 /* Assets.xcassets */; };
		8C9DFD9F236A8BEC002F02F3 /* Preview Assets.xcassets in Resources */ = {isa = PBXBuildFile; fileRef = 8C9DFD9E236A8BEC002F02F3 /* Preview Assets.xcassets */; };
		8C9DFDA2236A8BEC002F02F3 /* LaunchScreen.storyboard in Resources */ = {isa = PBXBuildFile; fileRef = 8C9DFDA0236A8BEC002F02F3 /* LaunchScreen.storyboard */; };
		8C9DFDCC236AC4F9002F02F3 /* MyCollectionView.swift in Sources */ = {isa = PBXBuildFile; fileRef = 8C9DFDCB236AC4F9002F02F3 /* MyCollectionView.swift */; };
		8C9DFDCE236AD880002F02F3 /* MyCollectionViewCell.swift in Sources */ = {isa = PBXBuildFile; fileRef = 8C9DFDCD236AD880002F02F3 /* MyCollectionViewCell.swift */; };
/* End PBXBuildFile section */

/* Begin PBXFileReference section */
		8C9DFD92236A8BE7002F02F3 /* 04GridView.app */ = {isa = PBXFileReference; explicitFileType = wrapper.application; includeInIndex = 0; path = 04GridView.app; sourceTree = BUILT_PRODUCTS_DIR; };
		8C9DFD95236A8BE7002F02F3 /* AppDelegate.swift */ = {isa = PBXFileReference; lastKnownFileType = sourcecode.swift; path = AppDelegate.swift; sourceTree = "<group>"; };
		8C9DFD97236A8BE7002F02F3 /* SceneDelegate.swift */ = {isa = PBXFileReference; lastKnownFileType = sourcecode.swift; path = SceneDelegate.swift; sourceTree = "<group>"; };
		8C9DFD99236A8BE7002F02F3 /* ContentView.swift */ = {isa = PBXFileReference; lastKnownFileType = sourcecode.swift; path = ContentView.swift; sourceTree = "<group>"; };
		8C9DFD9B236A8BEC002F02F3 /* Assets.xcassets */ = {isa = PBXFileReference; lastKnownFileType = folder.assetcatalog; path = Assets.xcassets; sourceTree = "<group>"; };
		8C9DFD9E236A8BEC002F02F3 /* Preview Assets.xcassets */ = {isa = PBXFileReference; lastKnownFileType = folder.assetcatalog; path = "Preview Assets.xcassets"; sourceTree = "<group>"; };
		8C9DFDA1236A8BEC002F02F3 /* Base */ = {isa = PBXFileReference; lastKnownFileType = file.storyboard; name = Base; path = Base.lproj/LaunchScreen.storyboard; sourceTree = "<group>"; };
		8C9DFDA3236A8BEC002F02F3 /* Info.plist */ = {isa = PBXFileReference; lastKnownFileType = text.plist.xml; path = Info.plist; sourceTree = "<group>"; };
		8C9DFDCB236AC4F9002F02F3 /* MyCollectionView.swift */ = {isa = PBXFileReference; lastKnownFileType = sourcecode.swift; path = MyCollectionView.swift; sourceTree = "<group>"; };
		8C9DFDCD236AD880002F02F3 /* MyCollectionViewCell.swift */ = {isa = PBXFileReference; lastKnownFileType = sourcecode.swift; path = MyCollectionViewCell.swift; sourceTree = "<group>"; };
/* End PBXFileReference section */

/* Begin PBXFrameworksBuildPhase section */
		8C9DFD8F236A8BE7002F02F3 /* Frameworks */ = {
			isa = PBXFrameworksBuildPhase;
			buildActionMask = 2147483647;
			files = (
			);
			runOnlyForDeploymentPostprocessing = 0;
		};
/* End PBXFrameworksBuildPhase section */

/* Begin PBXGroup section */
		8C9DFD89236A8BE7002F02F3 = {
			isa = PBXGroup;
			children = (
				8C9DFD94236A8BE7002F02F3 /* 04GridView */,
				8C9DFD93236A8BE7002F02F3 /* Products */,
			);
			sourceTree = "<group>";
		};
		8C9DFD93236A8BE7002F02F3 /* Products */ = {
			isa = PBXGroup;
			children = (
				8C9DFD92236A8BE7002F02F3 /* 04GridView.app */,
			);
			name = Products;
			sourceTree = "<group>";
		};
		8C9DFD94236A8BE7002F02F3 /* 04GridView */ = {
			isa = PBXGroup;
			children = (
				8C9DFD95236A8BE7002F02F3 /* AppDelegate.swift */,
				8C9DFD97236A8BE7002F02F3 /* SceneDelegate.swift */,
				8C9DFD99236A8BE7002F02F3 /* ContentView.swift */,
				8C9DFDCB236AC4F9002F02F3 /* MyCollectionView.swift */,
				8C9DFDCD236AD880002F02F3 /* MyCollectionViewCell.swift */,
				8C9DFD9B236A8BEC002F02F3 /* Assets.xcassets */,
				8C9DFDA0236A8BEC002F02F3 /* LaunchScreen.storyboard */,
				8C9DFDA3236A8BEC002F02F3 /* Info.plist */,
				8C9DFD9D236A8BEC002F02F3 /* Preview Content */,
			);
			path = 04GridView;
			sourceTree = "<group>";
		};
		8C9DFD9D236A8BEC002F02F3 /* Preview Content */ = {
			isa = PBXGroup;
			children = (
				8C9DFD9E236A8BEC002F02F3 /* Preview Assets.xcassets */,
			);
			path = "Preview Content";
			sourceTree = "<group>";
		};
/* End PBXGroup section */

/* Begin PBXNativeTarget section */
		8C9DFD91236A8BE7002F02F3 /* 04GridView */ = {
			isa = PBXNativeTarget;
			buildConfigurationList = 8C9DFDA6236A8BEC002F02F3 /* Build configuration list for PBXNativeTarget "04GridView" */;
			buildPhases = (
				8C9DFD8E236A8BE7002F02F3 /* Sources */,
				8C9DFD8F236A8BE7002F02F3 /* Frameworks */,
				8C9DFD90236A8BE7002F02F3 /* Resources */,
			);
			buildRules = (
			);
			dependencies = (
			);
			name = 04GridView;
			productName = 04GridView;
			productReference = 8C9DFD92236A8BE7002F02F3 /* 04GridView.app */;
			productType = "com.apple.product-type.application";
		};
/* End PBXNativeTarget section */

/* Begin PBXProject section */
		8C9DFD8A236A8BE7002F02F3 /* Project object */ = {
			isa = PBXProject;
			attributes = {
				LastSwiftUpdateCheck = 1100;
				LastUpgradeCheck = 1100;
				ORGANIZATIONNAME = yh;
				TargetAttributes = {
					8C9DFD91236A8BE7002F02F3 = {
						CreatedOnToolsVersion = 11.0;
					};
				};
			};
			buildConfigurationList = 8C9DFD8D236A8BE7002F02F3 /* Build configuration list for PBXProject "04GridView" */;
			compatibilityVersion = "Xcode 9.3";
			developmentRegion = en;
			hasScannedForEncodings = 0;
			knownRegions = (
				en,
				Base,
			);
			mainGroup = 8C9DFD89236A8BE7002F02F3;
			productRefGroup = 8C9DFD93236A8BE7002F02F3 /* Products */;
			projectDirPath = "";
			projectRoot = "";
			targets = (
				8C9DFD91236A8BE7002F02F3 /* 04GridView */,
			);
		};
/* End PBXProject section */

/* Begin PBXResourcesBuildPhase section */
		8C9DFD90236A8BE7002F02F3 /* Resources */ = {
			isa = PBXResourcesBuildPhase;
			buildActionMask = 2147483647;
			files = (
				8C9DFDA2236A8BEC002F02F3 /* LaunchScreen.storyboard in Resources */,
				8C9DFD9F236A8BEC002F02F3 /* Preview Assets.xcassets in Resources */,
				8C9DFD9C236A8BEC002F02F3 /* Assets.xcassets in Resources */,
			);
			runOnlyForDeploymentPostprocessing = 0;
		};
/* End PBXResourcesBuildPhase section */

/* Begin PBXSourcesBuildPhase section */
		8C9DFD8E236A8BE7002F02F3 /* Sources */ = {
			isa = PBXSourcesBuildPhase;
			buildActionMask = 2147483647;
			files = (
				8C9DFD96236A8BE7002F02F3 /* AppDelegate.swift in Sources */,
				8C9DFDCE236AD880002F02F3 /* MyCollectionViewCell.swift in Sources */,
				8C9DFD98236A8BE7002F02F3 /* SceneDelegate.swift in Sources */,
				8C9DFDCC236AC4F9002F02F3 /* MyCollectionView.swift in Sources */,
				8C9DFD9A236A8BE7002F02F3 /* ContentView.swift in Sources */,
			);
			runOnlyForDeploymentPostprocessing = 0;
		};
/* End PBXSourcesBuildPhase section */

/* Begin PBXVariantGroup section */
		8C9DFDA0236A8BEC002F02F3 /* LaunchScreen.storyboard */ = {
			isa = PBXVariantGroup;
			children = (
				8C9DFDA1236A8BEC002F02F3 /* Base */,
			);
			name = LaunchScreen.storyboard;
			sourceTree = "<group>";
		};
/* End PBXVariantGroup section */

/* Begin XCBuildConfiguration section */
		8C9DFDA4236A8BEC002F02F3 /* Debug */ = {
			isa = XCBuildConfiguration;
			buildSettings = {
				ALWAYS_SEARCH_USER_PATHS = NO;
				CLANG_ANALYZER_NONNULL = YES;
				CLANG_ANALYZER_NUMBER_OBJECT_CONVERSION = YES_AGGRESSIVE;
				CLANG_CXX_LANGUAGE_STANDARD = "gnu++14";
				CLANG_CXX_LIBRARY = "libc++";
				CLANG_ENABLE_MODULES = YES;
				CLANG_ENABLE_OBJC_ARC = YES;
				CLANG_ENABLE_OBJC_WEAK = YES;
				CLANG_WARN_BLOCK_CAPTURE_AUTORELEASING = YES;
				CLANG_WARN_BOOL_CONVERSION = YES;
				CLANG_WARN_COMMA = YES;
				CLANG_WARN_CONSTANT_CONVERSION = YES;
				CLANG_WARN_DEPRECATED_OBJC_IMPLEMENTATIONS = YES;
				CLANG_WARN_DIRECT_OBJC_ISA_USAGE = YES_ERROR;
				CLANG_WARN_DOCUMENTATION_COMMENTS = YES;
				CLANG_WARN_EMPTY_BODY = YES;
				CLANG_WARN_ENUM_CONVERSION = YES;
				CLANG_WARN_INFINITE_RECURSION = YES;
				CLANG_WARN_INT_CONVERSION = YES;
				CLANG_WARN_NON_LITERAL_NULL_CONVERSION = YES;
				CLANG_WARN_OBJC_IMPLICIT_RETAIN_SELF = YES;
				CLANG_WARN_OBJC_LITERAL_CONVERSION = YES;
				CLANG_WARN_OBJC_ROOT_CLASS = YES_ERROR;
				CLANG_WARN_RANGE_LOOP_ANALYSIS = YES;
				CLANG_WARN_STRICT_PROTOTYPES = YES;
				CLANG_WARN_SUSPICIOUS_MOVE = YES;
				CLANG_WARN_UNGUARDED_AVAILABILITY = YES_AGGRESSIVE;
				CLANG_WARN_UNREACHABLE_CODE = YES;
				CLANG_WARN__DUPLICATE_METHOD_MATCH = YES;
				COPY_PHASE_STRIP = NO;
				DEBUG_INFORMATION_FORMAT = dwarf;
				ENABLE_STRICT_OBJC_MSGSEND = YES;
				ENABLE_TESTABILITY = YES;
				GCC_C_LANGUAGE_STANDARD = gnu11;
				GCC_DYNAMIC_NO_PIC = NO;
				GCC_NO_COMMON_BLOCKS = YES;
				GCC_OPTIMIZATION_LEVEL = 0;
				GCC_PREPROCESSOR_DEFINITIONS = (
					"DEBUG=1",
					"$(inherited)",
				);
				GCC_WARN_64_TO_32_BIT_CONVERSION = YES;
				GCC_WARN_ABOUT_RETURN_TYPE = YES_ERROR;
				GCC_WARN_UNDECLARED_SELECTOR = YES;
				GCC_WARN_UNINITIALIZED_AUTOS = YES_AGGRESSIVE;
				GCC_WARN_UNUSED_FUNCTION = YES;
				GCC_WARN_UNUSED_VARIABLE = YES;
				IPHONEOS_DEPLOYMENT_TARGET = 13.0;
				MTL_ENABLE_DEBUG_INFO = INCLUDE_SOURCE;
				MTL_FAST_MATH = YES;
				ONLY_ACTIVE_ARCH = YES;
				SDKROOT = iphoneos;
				SWIFT_ACTIVE_COMPILATION_CONDITIONS = DEBUG;
				SWIFT_OPTIMIZATION_LEVEL = "-Onone";
			};
			name = Debug;
		};
		8C9DFDA5236A8BEC002F02F3 /* Release */ = {
			isa = XCBuildConfiguration;
			buildSettings = {
				ALWAYS_SEARCH_USER_PATHS = NO;
				CLANG_ANALYZER_NONNULL = YES;
				CLANG_ANALYZER_NUMBER_OBJECT_CONVERSION = YES_AGGRESSIVE;
				CLANG_CXX_LANGUAGE_STANDARD = "gnu++14";
				CLANG_CXX_LIBRARY = "libc++";
				CLANG_ENABLE_MODULES = YES;
				CLANG_ENABLE_OBJC_ARC = YES;
				CLANG_ENABLE_OBJC_WEAK = YES;
				CLANG_WARN_BLOCK_CAPTURE_AUTORELEASING = YES;
				CLANG_WARN_BOOL_CONVERSION = YES;
				CLANG_WARN_COMMA = YES;
				CLANG_WARN_CONSTANT_CONVERSION = YES;
				CLANG_WARN_DEPRECATED_OBJC_IMPLEMENTATIONS = YES;
				CLANG_WARN_DIRECT_OBJC_ISA_USAGE = YES_ERROR;
				CLANG_WARN_DOCUMENTATION_COMMENTS = YES;
				CLANG_WARN_EMPTY_BODY = YES;
				CLANG_WARN_ENUM_CONVERSION = YES;
				CLANG_WARN_INFINITE_RECURSION = YES;
				CLANG_WARN_INT_CONVERSION = YES;
				CLANG_WARN_NON_LITERAL_NULL_CONVERSION = YES;
				CLANG_WARN_OBJC_IMPLICIT_RETAIN_SELF = YES;
				CLANG_WARN_OBJC_LITERAL_CONVERSION = YES;
				CLANG_WARN_OBJC_ROOT_CLASS = YES_ERROR;
				CLANG_WARN_RANGE_LOOP_ANALYSIS = YES;
				CLANG_WARN_STRICT_PROTOTYPES = YES;
				CLANG_WARN_SUSPICIOUS_MOVE = YES;
				CLANG_WARN_UNGUARDED_AVAILABILITY = YES_AGGRESSIVE;
				CLANG_WARN_UNREACHABLE_CODE = YES;
				CLANG_WARN__DUPLICATE_METHOD_MATCH = YES;
				COPY_PHASE_STRIP = NO;
				DEBUG_INFORMATION_FORMAT = "dwarf-with-dsym";
				ENABLE_NS_ASSERTIONS = NO;
				ENABLE_STRICT_OBJC_MSGSEND = YES;
				GCC_C_LANGUAGE_STANDARD = gnu11;
				GCC_NO_COMMON_BLOCKS = YES;
				GCC_WARN_64_TO_32_BIT_CONVERSION = YES;
				GCC_WARN_ABOUT_RETURN_TYPE = YES_ERROR;
				GCC_WARN_UNDECLARED_SELECTOR = YES;
				GCC_WARN_UNINITIALIZED_AUTOS = YES_AGGRESSIVE;
				GCC_WARN_UNUSED_FUNCTION = YES;
				GCC_WARN_UNUSED_VARIABLE = YES;
				IPHONEOS_DEPLOYMENT_TARGET = 13.0;
				MTL_ENABLE_DEBUG_INFO = NO;
				MTL_FAST_MATH = YES;
				SDKROOT = iphoneos;
				SWIFT_COMPILATION_MODE = wholemodule;
				SWIFT_OPTIMIZATION_LEVEL = "-O";
				VALIDATE_PRODUCT = YES;
			};
			name = Release;
		};
		8C9DFDA7236A8BEC002F02F3 /* Debug */ = {
			isa = XCBuildConfiguration;
			buildSettings = {
				ASSETCATALOG_COMPILER_APPICON_NAME = AppIcon;
				CODE_SIGN_STYLE = Automatic;
				DEVELOPMENT_ASSET_PATHS = "\"04GridView/Preview Content\"";
				DEVELOPMENT_TEAM = 25M28Y8C46;
				ENABLE_PREVIEWS = YES;
				INFOPLIST_FILE = 04GridView/Info.plist;
				LD_RUNPATH_SEARCH_PATHS = (
					"$(inherited)",
					"@executable_path/Frameworks",
				);
				PRODUCT_BUNDLE_IDENTIFIER = "com.yuhua.-4GridView";
				PRODUCT_NAME = "$(TARGET_NAME)";
				SWIFT_VERSION = 5.0;
				TARGETED_DEVICE_FAMILY = "1,2";
			};
			name = Debug;
		};
		8C9DFDA8236A8BEC002F02F3 /* Release */ = {
			isa = XCBuildConfiguration;
			buildSettings = {
				ASSETCATALOG_COMPILER_APPICON_NAME = AppIcon;
				CODE_SIGN_STYLE = Automatic;
				DEVELOPMENT_ASSET_PATHS = "\"04GridView/Preview Content\"";
				DEVELOPMENT_TEAM = 25M28Y8C46;
				ENABLE_PREVIEWS = YES;
				INFOPLIST_FILE = 04GridView/Info.plist;
				LD_RUNPATH_SEARCH_PATHS = (
					"$(inherited)",
					"@executable_path/Frameworks",
				);
				PRODUCT_BUNDLE_IDENTIFIER = "com.yuhua.-4GridView";
				PRODUCT_NAME = "$(TARGET_NAME)";
				SWIFT_VERSION = 5.0;
				TARGETED_DEVICE_FAMILY = "1,2";
			};
			name = Release;
		};
/* End XCBuildConfiguration section */

/* Begin XCConfigurationList section */
		8C9DFD8D236A8BE7002F02F3 /* Build configuration list for PBXProject "04GridView" */ = {
			isa = XCConfigurationList;
			buildConfigurations = (
				8C9DFDA4236A8BEC002F02F3 /* Debug */,
				8C9DFDA5236A8BEC002F02F3 /* Release */,
			);
			defaultConfigurationIsVisible = 0;
			defaultConfigurationName = Release;
		};
		8C9DFDA6236A8BEC002F02F3 /* Build configuration list for PBXNativeTarget "04GridView" */ = {
			isa = XCConfigurationList;
			buildConfigurations = (
				8C9DFDA7236A8BEC002F02F3 /* Debug */,
				8C9DFDA8236A8BEC002F02F3 /* Release */,
			);
			defaultConfigurationIsVisible = 0;
			defaultConfigurationName = Release;
		};
/* End XCConfigurationList section */
	};
	rootObject = 8C9DFD8A236A8BE7002F02F3 /* Project object */;
}
