// !$*UTF8*$!
{
	archiveVersion = 1;
	classes = {
	};
	objectVersion = 50;
	objects = {

/* Begin PBXBuildFile section */
		8CAE9953236D0AAA006D746B /* AppDelegate.swift in Sources */ = {isa = PBXBuildFile; fileRef = 8CAE9952236D0AAA006D746B /* AppDelegate.swift */; };
		8CAE9955236D0AAA006D746B /* SceneDelegate.swift in Sources */ = {isa = PBXBuildFile; fileRef = 8CAE9954236D0AAA006D746B /* SceneDelegate.swift */; };
		8CAE9957236D0AAA006D746B /* ContentView.swift in Sources */ = {isa = PBXBuildFile; fileRef = 8CAE9956236D0AAA006D746B /* ContentView.swift */; };
		8CAE9959236D0AAD006D746B /* Assets.xcassets in Resources */ = {isa = PBXBuildFile; fileRef = 8CAE9958236D0AAD006D746B /* Assets.xcassets */; };
		8CAE995C236D0AAD006D746B /* Preview Assets.xcassets in Resources */ = {isa = PBXBuildFile; fileRef = 8CAE995B236D0AAD006D746B /* Preview Assets.xcassets */; };
		8CAE995F236D0AAD006D746B /* LaunchScreen.storyboard in Resources */ = {isa = PBXBuildFile; fileRef = 8CAE995D236D0AAD006D746B /* LaunchScreen.storyboard */; };
		8CAE9968236D0DCC006D746B /* MusicView.swift in Sources */ = {isa = PBXBuildFile; fileRef = 8CAE9967236D0DCC006D746B /* MusicView.swift */; };
		8CAE996A236D262B006D746B /* PlayControlView.swift in Sources */ = {isa = PBXBuildFile; fileRef = 8CAE9969236D262B006D746B /* PlayControlView.swift */; };
		8CAE996C236D271C006D746B /* PlayProgressView.swift in Sources */ = {isa = PBXBuildFile; fileRef = 8CAE996B236D271C006D746B /* PlayProgressView.swift */; };
		8CAE996E236D277B006D746B /* PlayImageView.swift in Sources */ = {isa = PBXBuildFile; fileRef = 8CAE996D236D277B006D746B /* PlayImageView.swift */; };
		8CAE9970236D3270006D746B /* PlayList.swift in Sources */ = {isa = PBXBuildFile; fileRef = 8CAE996F236D3270006D746B /* PlayList.swift */; };
		8CAE9973236D346E006D746B /* MusicData.swift in Sources */ = {isa = PBXBuildFile; fileRef = 8CAE9972236D346E006D746B /* MusicData.swift */; };
		8CAE9975236D4A9D006D746B /* PlayTitle.swift in Sources */ = {isa = PBXBuildFile; fileRef = 8CAE9974236D4A9D006D746B /* PlayTitle.swift */; };
/* End PBXBuildFile section */

/* Begin PBXFileReference section */
		8CAE994F236D0AAA006D746B /* 06MusicPlayer.app */ = {isa = PBXFileReference; explicitFileType = wrapper.application; includeInIndex = 0; path = 06MusicPlayer.app; sourceTree = BUILT_PRODUCTS_DIR; };
		8CAE9952236D0AAA006D746B /* AppDelegate.swift */ = {isa = PBXFileReference; lastKnownFileType = sourcecode.swift; path = AppDelegate.swift; sourceTree = "<group>"; };
		8CAE9954236D0AAA006D746B /* SceneDelegate.swift */ = {isa = PBXFileReference; lastKnownFileType = sourcecode.swift; path = SceneDelegate.swift; sourceTree = "<group>"; };
		8CAE9956236D0AAA006D746B /* ContentView.swift */ = {isa = PBXFileReference; lastKnownFileType = sourcecode.swift; path = ContentView.swift; sourceTree = "<group>"; };
		8CAE9958236D0AAD006D746B /* Assets.xcassets */ = {isa = PBXFileReference; lastKnownFileType = folder.assetcatalog; path = Assets.xcassets; sourceTree = "<group>"; };
		8CAE995B236D0AAD006D746B /* Preview Assets.xcassets */ = {isa = PBXFileReference; lastKnownFileType = folder.assetcatalog; path = "Preview Assets.xcassets"; sourceTree = "<group>"; };
		8CAE995E236D0AAD006D746B /* Base */ = {isa = PBXFileReference; lastKnownFileType = file.storyboard; name = Base; path = Base.lproj/LaunchScreen.storyboard; sourceTree = "<group>"; };
		8CAE9960236D0AAD006D746B /* Info.plist */ = {isa = PBXFileReference; lastKnownFileType = text.plist.xml; path = Info.plist; sourceTree = "<group>"; };
		8CAE9967236D0DCC006D746B /* MusicView.swift */ = {isa = PBXFileReference; lastKnownFileType = sourcecode.swift; path = MusicView.swift; sourceTree = "<group>"; };
		8CAE9969236D262B006D746B /* PlayControlView.swift */ = {isa = PBXFileReference; lastKnownFileType = sourcecode.swift; path = PlayControlView.swift; sourceTree = "<group>"; };
		8CAE996B236D271C006D746B /* PlayProgressView.swift */ = {isa = PBXFileReference; lastKnownFileType = sourcecode.swift; path = PlayProgressView.swift; sourceTree = "<group>"; };
		8CAE996D236D277B006D746B /* PlayImageView.swift */ = {isa = PBXFileReference; lastKnownFileType = sourcecode.swift; path = PlayImageView.swift; sourceTree = "<group>"; };
		8CAE996F236D3270006D746B /* PlayList.swift */ = {isa = PBXFileReference; lastKnownFileType = sourcecode.swift; path = PlayList.swift; sourceTree = "<group>"; };
		8CAE9972236D346E006D746B /* MusicData.swift */ = {isa = PBXFileReference; lastKnownFileType = sourcecode.swift; path = MusicData.swift; sourceTree = "<group>"; };
		8CAE9974236D4A9D006D746B /* PlayTitle.swift */ = {isa = PBXFileReference; lastKnownFileType = sourcecode.swift; path = PlayTitle.swift; sourceTree = "<group>"; };
/* End PBXFileReference section */

/* Begin PBXFrameworksBuildPhase section */
		8CAE994C236D0AAA006D746B /* Frameworks */ = {
			isa = PBXFrameworksBuildPhase;
			buildActionMask = 2147483647;
			files = (
			);
			runOnlyForDeploymentPostprocessing = 0;
		};
/* End PBXFrameworksBuildPhase section */

/* Begin PBXGroup section */
		8CAE9946236D0AAA006D746B = {
			isa = PBXGroup;
			children = (
				8CAE9951236D0AAA006D746B /* 06MusicPlayer */,
				8CAE9950236D0AAA006D746B /* Products */,
			);
			sourceTree = "<group>";
		};
		8CAE9950236D0AAA006D746B /* Products */ = {
			isa = PBXGroup;
			children = (
				8CAE994F236D0AAA006D746B /* 06MusicPlayer.app */,
			);
			name = Products;
			sourceTree = "<group>";
		};
		8CAE9951236D0AAA006D746B /* 06MusicPlayer */ = {
			isa = PBXGroup;
			children = (
				8CAE9952236D0AAA006D746B /* AppDelegate.swift */,
				8CAE9954236D0AAA006D746B /* SceneDelegate.swift */,
				8CAE9956236D0AAA006D746B /* ContentView.swift */,
				8CAE9971236D3462006D746B /* Data */,
				8CAE9966236D0D52006D746B /* Content */,
				8CAE9958236D0AAD006D746B /* Assets.xcassets */,
				8CAE995D236D0AAD006D746B /* LaunchScreen.storyboard */,
				8CAE9960236D0AAD006D746B /* Info.plist */,
				8CAE995A236D0AAD006D746B /* Preview Content */,
			);
			path = 06MusicPlayer;
			sourceTree = "<group>";
		};
		8CAE995A236D0AAD006D746B /* Preview Content */ = {
			isa = PBXGroup;
			children = (
				8CAE995B236D0AAD006D746B /* Preview Assets.xcassets */,
			);
			path = "Preview Content";
			sourceTree = "<group>";
		};
		8CAE9966236D0D52006D746B /* Content */ = {
			isa = PBXGroup;
			children = (
				8CAE9967236D0DCC006D746B /* MusicView.swift */,
				8CAE9974236D4A9D006D746B /* PlayTitle.swift */,
				8CAE996D236D277B006D746B /* PlayImageView.swift */,
				8CAE9969236D262B006D746B /* PlayControlView.swift */,
				8CAE996B236D271C006D746B /* PlayProgressView.swift */,
				8CAE996F236D3270006D746B /* PlayList.swift */,
			);
			path = Content;
			sourceTree = "<group>";
		};
		8CAE9971236D3462006D746B /* Data */ = {
			isa = PBXGroup;
			children = (
				8CAE9972236D346E006D746B /* MusicData.swift */,
			);
			path = Data;
			sourceTree = "<group>";
		};
/* End PBXGroup section */

/* Begin PBXNativeTarget section */
		8CAE994E236D0AAA006D746B /* 06MusicPlayer */ = {
			isa = PBXNativeTarget;
			buildConfigurationList = 8CAE9963236D0AAD006D746B /* Build configuration list for PBXNativeTarget "06MusicPlayer" */;
			buildPhases = (
				8CAE994B236D0AAA006D746B /* Sources */,
				8CAE994C236D0AAA006D746B /* Frameworks */,
				8CAE994D236D0AAA006D746B /* Resources */,
			);
			buildRules = (
			);
			dependencies = (
			);
			name = 06MusicPlayer;
			productName = 06MusicPlayer;
			productReference = 8CAE994F236D0AAA006D746B /* 06MusicPlayer.app */;
			productType = "com.apple.product-type.application";
		};
/* End PBXNativeTarget section */

/* Begin PBXProject section */
		8CAE9947236D0AAA006D746B /* Project object */ = {
			isa = PBXProject;
			attributes = {
				LastSwiftUpdateCheck = 1100;
				LastUpgradeCheck = 1100;
				ORGANIZATIONNAME = yh;
				TargetAttributes = {
					8CAE994E236D0AAA006D746B = {
						CreatedOnToolsVersion = 11.0;
					};
				};
			};
			buildConfigurationList = 8CAE994A236D0AAA006D746B /* Build configuration list for PBXProject "06MusicPlayer" */;
			compatibilityVersion = "Xcode 9.3";
			developmentRegion = en;
			hasScannedForEncodings = 0;
			knownRegions = (
				en,
				Base,
			);
			mainGroup = 8CAE9946236D0AAA006D746B;
			productRefGroup = 8CAE9950236D0AAA006D746B /* Products */;
			projectDirPath = "";
			projectRoot = "";
			targets = (
				8CAE994E236D0AAA006D746B /* 06MusicPlayer */,
			);
		};
/* End PBXProject section */

/* Begin PBXResourcesBuildPhase section */
		8CAE994D236D0AAA006D746B /* Resources */ = {
			isa = PBXResourcesBuildPhase;
			buildActionMask = 2147483647;
			files = (
				8CAE995F236D0AAD006D746B /* LaunchScreen.storyboard in Resources */,
				8CAE995C236D0AAD006D746B /* Preview Assets.xcassets in Resources */,
				8CAE9959236D0AAD006D746B /* Assets.xcassets in Resources */,
			);
			runOnlyForDeploymentPostprocessing = 0;
		};
/* End PBXResourcesBuildPhase section */

/* Begin PBXSourcesBuildPhase section */
		8CAE994B236D0AAA006D746B /* Sources */ = {
			isa = PBXSourcesBuildPhase;
			buildActionMask = 2147483647;
			files = (
				8CAE9953236D0AAA006D746B /* AppDelegate.swift in Sources */,
				8CAE996C236D271C006D746B /* PlayProgressView.swift in Sources */,
				8CAE9955236D0AAA006D746B /* SceneDelegate.swift in Sources */,
				8CAE9973236D346E006D746B /* MusicData.swift in Sources */,
				8CAE9970236D3270006D746B /* PlayList.swift in Sources */,
				8CAE996E236D277B006D746B /* PlayImageView.swift in Sources */,
				8CAE9975236D4A9D006D746B /* PlayTitle.swift in Sources */,
				8CAE9968236D0DCC006D746B /* MusicView.swift in Sources */,
				8CAE9957236D0AAA006D746B /* ContentView.swift in Sources */,
				8CAE996A236D262B006D746B /* PlayControlView.swift in Sources */,
			);
			runOnlyForDeploymentPostprocessing = 0;
		};
/* End PBXSourcesBuildPhase section */

/* Begin PBXVariantGroup section */
		8CAE995D236D0AAD006D746B /* LaunchScreen.storyboard */ = {
			isa = PBXVariantGroup;
			children = (
				8CAE995E236D0AAD006D746B /* Base */,
			);
			name = LaunchScreen.storyboard;
			sourceTree = "<group>";
		};
/* End PBXVariantGroup section */

/* Begin XCBuildConfiguration section */
		8CAE9961236D0AAD006D746B /* Debug */ = {
			isa = XCBuildConfiguration;
			buildSettings = {
				ALWAYS_SEARCH_USER_PATHS = NO;
				CLANG_ANALYZER_NONNULL = YES;
				CLANG_ANALYZER_NUMBER_OBJECT_CONVERSION = YES_AGGRESSIVE;
				CLANG_CXX_LANGUAGE_STANDARD = "gnu++14";
				CLANG_CXX_LIBRARY = "libc++";
				CLANG_ENABLE_MODULES = YES;
				CLANG_ENABLE_OBJC_ARC = YES;
				CLANG_ENABLE_OBJC_WEAK = YES;
				CLANG_WARN_BLOCK_CAPTURE_AUTORELEASING = YES;
				CLANG_WARN_BOOL_CONVERSION = YES;
				CLANG_WARN_COMMA = YES;
				CLANG_WARN_CONSTANT_CONVERSION = YES;
				CLANG_WARN_DEPRECATED_OBJC_IMPLEMENTATIONS = YES;
				CLANG_WARN_DIRECT_OBJC_ISA_USAGE = YES_ERROR;
				CLANG_WARN_DOCUMENTATION_COMMENTS = YES;
				CLANG_WARN_EMPTY_BODY = YES;
				CLANG_WARN_ENUM_CONVERSION = YES;
				CLANG_WARN_INFINITE_RECURSION = YES;
				CLANG_WARN_INT_CONVERSION = YES;
				CLANG_WARN_NON_LITERAL_NULL_CONVERSION = YES;
				CLANG_WARN_OBJC_IMPLICIT_RETAIN_SELF = YES;
				CLANG_WARN_OBJC_LITERAL_CONVERSION = YES;
				CLANG_WARN_OBJC_ROOT_CLASS = YES_ERROR;
				CLANG_WARN_RANGE_LOOP_ANALYSIS = YES;
				CLANG_WARN_STRICT_PROTOTYPES = YES;
				CLANG_WARN_SUSPICIOUS_MOVE = YES;
				CLANG_WARN_UNGUARDED_AVAILABILITY = YES_AGGRESSIVE;
				CLANG_WARN_UNREACHABLE_CODE = YES;
				CLANG_WARN__DUPLICATE_METHOD_MATCH = YES;
				COPY_PHASE_STRIP = NO;
				DEBUG_INFORMATION_FORMAT = dwarf;
				ENABLE_STRICT_OBJC_MSGSEND = YES;
				ENABLE_TESTABILITY = YES;
				GCC_C_LANGUAGE_STANDARD = gnu11;
				GCC_DYNAMIC_NO_PIC = NO;
				GCC_NO_COMMON_BLOCKS = YES;
				GCC_OPTIMIZATION_LEVEL = 0;
				GCC_PREPROCESSOR_DEFINITIONS = (
					"DEBUG=1",
					"$(inherited)",
				);
				GCC_WARN_64_TO_32_BIT_CONVERSION = YES;
				GCC_WARN_ABOUT_RETURN_TYPE = YES_ERROR;
				GCC_WARN_UNDECLARED_SELECTOR = YES;
				GCC_WARN_UNINITIALIZED_AUTOS = YES_AGGRESSIVE;
				GCC_WARN_UNUSED_FUNCTION = YES;
				GCC_WARN_UNUSED_VARIABLE = YES;
				IPHONEOS_DEPLOYMENT_TARGET = 13.0;
				MTL_ENABLE_DEBUG_INFO = INCLUDE_SOURCE;
				MTL_FAST_MATH = YES;
				ONLY_ACTIVE_ARCH = YES;
				SDKROOT = iphoneos;
				SWIFT_ACTIVE_COMPILATION_CONDITIONS = DEBUG;
				SWIFT_OPTIMIZATION_LEVEL = "-Onone";
			};
			name = Debug;
		};
		8CAE9962236D0AAD006D746B /* Release */ = {
			isa = XCBuildConfiguration;
			buildSettings = {
				ALWAYS_SEARCH_USER_PATHS = NO;
				CLANG_ANALYZER_NONNULL = YES;
				CLANG_ANALYZER_NUMBER_OBJECT_CONVERSION = YES_AGGRESSIVE;
				CLANG_CXX_LANGUAGE_STANDARD = "gnu++14";
				CLANG_CXX_LIBRARY = "libc++";
				CLANG_ENABLE_MODULES = YES;
				CLANG_ENABLE_OBJC_ARC = YES;
				CLANG_ENABLE_OBJC_WEAK = YES;
				CLANG_WARN_BLOCK_CAPTURE_AUTORELEASING = YES;
				CLANG_WARN_BOOL_CONVERSION = YES;
				CLANG_WARN_COMMA = YES;
				CLANG_WARN_CONSTANT_CONVERSION = YES;
				CLANG_WARN_DEPRECATED_OBJC_IMPLEMENTATIONS = YES;
				CLANG_WARN_DIRECT_OBJC_ISA_USAGE = YES_ERROR;
				CLANG_WARN_DOCUMENTATION_COMMENTS = YES;
				CLANG_WARN_EMPTY_BODY = YES;
				CLANG_WARN_ENUM_CONVERSION = YES;
				CLANG_WARN_INFINITE_RECURSION = YES;
				CLANG_WARN_INT_CONVERSION = YES;
				CLANG_WARN_NON_LITERAL_NULL_CONVERSION = YES;
				CLANG_WARN_OBJC_IMPLICIT_RETAIN_SELF = YES;
				CLANG_WARN_OBJC_LITERAL_CONVERSION = YES;
				CLANG_WARN_OBJC_ROOT_CLASS = YES_ERROR;
				CLANG_WARN_RANGE_LOOP_ANALYSIS = YES;
				CLANG_WARN_STRICT_PROTOTYPES = YES;
				CLANG_WARN_SUSPICIOUS_MOVE = YES;
				CLANG_WARN_UNGUARDED_AVAILABILITY = YES_AGGRESSIVE;
				CLANG_WARN_UNREACHABLE_CODE = YES;
				CLANG_WARN__DUPLICATE_METHOD_MATCH = YES;
				COPY_PHASE_STRIP = NO;
				DEBUG_INFORMATION_FORMAT = "dwarf-with-dsym";
				ENABLE_NS_ASSERTIONS = NO;
				ENABLE_STRICT_OBJC_MSGSEND = YES;
				GCC_C_LANGUAGE_STANDARD = gnu11;
				GCC_NO_COMMON_BLOCKS = YES;
				GCC_WARN_64_TO_32_BIT_CONVERSION = YES;
				GCC_WARN_ABOUT_RETURN_TYPE = YES_ERROR;
				GCC_WARN_UNDECLARED_SELECTOR = YES;
				GCC_WARN_UNINITIALIZED_AUTOS = YES_AGGRESSIVE;
				GCC_WARN_UNUSED_FUNCTION = YES;
				GCC_WARN_UNUSED_VARIABLE = YES;
				IPHONEOS_DEPLOYMENT_TARGET = 13.0;
				MTL_ENABLE_DEBUG_INFO = NO;
				MTL_FAST_MATH = YES;
				SDKROOT = iphoneos;
				SWIFT_COMPILATION_MODE = wholemodule;
				SWIFT_OPTIMIZATION_LEVEL = "-O";
				VALIDATE_PRODUCT = YES;
			};
			name = Release;
		};
		8CAE9964236D0AAD006D746B /* Debug */ = {
			isa = XCBuildConfiguration;
			buildSettings = {
				ASSETCATALOG_COMPILER_APPICON_NAME = AppIcon;
				CODE_SIGN_STYLE = Automatic;
				DEVELOPMENT_ASSET_PATHS = "\"06MusicPlayer/Preview Content\"";
				DEVELOPMENT_TEAM = 25M28Y8C46;
				ENABLE_PREVIEWS = YES;
				INFOPLIST_FILE = 06MusicPlayer/Info.plist;
				LD_RUNPATH_SEARCH_PATHS = (
					"$(inherited)",
					"@executable_path/Frameworks",
				);
				PRODUCT_BUNDLE_IDENTIFIER = "com.yuhua.-6MusicPlayer";
				PRODUCT_NAME = "$(TARGET_NAME)";
				SWIFT_VERSION = 5.0;
				TARGETED_DEVICE_FAMILY = "1,2";
			};
			name = Debug;
		};
		8CAE9965236D0AAD006D746B /* Release */ = {
			isa = XCBuildConfiguration;
			buildSettings = {
				ASSETCATALOG_COMPILER_APPICON_NAME = AppIcon;
				CODE_SIGN_STYLE = Automatic;
				DEVELOPMENT_ASSET_PATHS = "\"06MusicPlayer/Preview Content\"";
				DEVELOPMENT_TEAM = 25M28Y8C46;
				ENABLE_PREVIEWS = YES;
				INFOPLIST_FILE = 06MusicPlayer/Info.plist;
				LD_RUNPATH_SEARCH_PATHS = (
					"$(inherited)",
					"@executable_path/Frameworks",
				);
				PRODUCT_BUNDLE_IDENTIFIER = "com.yuhua.-6MusicPlayer";
				PRODUCT_NAME = "$(TARGET_NAME)";
				SWIFT_VERSION = 5.0;
				TARGETED_DEVICE_FAMILY = "1,2";
			};
			name = Release;
		};
/* End XCBuildConfiguration section */

/* Begin XCConfigurationList section */
		8CAE994A236D0AAA006D746B /* Build configuration list for PBXProject "06MusicPlayer" */ = {
			isa = XCConfigurationList;
			buildConfigurations = (
				8CAE9961236D0AAD006D746B /* Debug */,
				8CAE9962236D0AAD006D746B /* Release */,
			);
			defaultConfigurationIsVisible = 0;
			defaultConfigurationName = Release;
		};
		8CAE9963236D0AAD006D746B /* Build configuration list for PBXNativeTarget "06MusicPlayer" */ = {
			isa = XCConfigurationList;
			buildConfigurations = (
				8CAE9964236D0AAD006D746B /* Debug */,
				8CAE9965236D0AAD006D746B /* Release */,
			);
			defaultConfigurationIsVisible = 0;
			defaultConfigurationName = Release;
		};
/* End XCConfigurationList section */
	};
	rootObject = 8CAE9947236D0AAA006D746B /* Project object */;
}
