// !$*UTF8*$!
{
	archiveVersion = 1;
	classes = {
	};
	objectVersion = 50;
	objects = {

/* Begin PBXBuildFile section */
		8C53BCBA23696F4200E2D1A5 /* AppDelegate.swift in Sources */ = {isa = PBXBuildFile; fileRef = 8C53BCB923696F4200E2D1A5 /* AppDelegate.swift */; };
		8C53BCBC23696F4200E2D1A5 /* SceneDelegate.swift in Sources */ = {isa = PBXBuildFile; fileRef = 8C53BCBB23696F4200E2D1A5 /* SceneDelegate.swift */; };
		8C53BCBE23696F4200E2D1A5 /* ContentView.swift in Sources */ = {isa = PBXBuildFile; fileRef = 8C53BCBD23696F4200E2D1A5 /* ContentView.swift */; };
		8C53BCC023696F4600E2D1A5 /* Assets.xcassets in Resources */ = {isa = PBXBuildFile; fileRef = 8C53BCBF23696F4600E2D1A5 /* Assets.xcassets */; };
		8C53BCC323696F4600E2D1A5 /* Preview Assets.xcassets in Resources */ = {isa = PBXBuildFile; fileRef = 8C53BCC223696F4600E2D1A5 /* Preview Assets.xcassets */; };
		8C53BCC623696F4600E2D1A5 /* LaunchScreen.storyboard in Resources */ = {isa = PBXBuildFile; fileRef = 8C53BCC423696F4600E2D1A5 /* LaunchScreen.storyboard */; };
		8C53BCCE2369755000E2D1A5 /* MainContentView.swift in Sources */ = {isa = PBXBuildFile; fileRef = 8C53BCCD2369755000E2D1A5 /* MainContentView.swift */; };
		8C53BCD0236977BA00E2D1A5 /* NextView.swift in Sources */ = {isa = PBXBuildFile; fileRef = 8C53BCCF236977BA00E2D1A5 /* NextView.swift */; };
		8C53BCD223698E3700E2D1A5 /* LinkImage.swift in Sources */ = {isa = PBXBuildFile; fileRef = 8C53BCD123698E3700E2D1A5 /* LinkImage.swift */; };
/* End PBXBuildFile section */

/* Begin PBXFileReference section */
		8C53BCB623696F4200E2D1A5 /* 03Tabbar.app */ = {isa = PBXFileReference; explicitFileType = wrapper.application; includeInIndex = 0; path = 03Tabbar.app; sourceTree = BUILT_PRODUCTS_DIR; };
		8C53BCB923696F4200E2D1A5 /* AppDelegate.swift */ = {isa = PBXFileReference; lastKnownFileType = sourcecode.swift; path = AppDelegate.swift; sourceTree = "<group>"; };
		8C53BCBB23696F4200E2D1A5 /* SceneDelegate.swift */ = {isa = PBXFileReference; lastKnownFileType = sourcecode.swift; path = SceneDelegate.swift; sourceTree = "<group>"; };
		8C53BCBD23696F4200E2D1A5 /* ContentView.swift */ = {isa = PBXFileReference; lastKnownFileType = sourcecode.swift; path = ContentView.swift; sourceTree = "<group>"; };
		8C53BCBF23696F4600E2D1A5 /* Assets.xcassets */ = {isa = PBXFileReference; lastKnownFileType = folder.assetcatalog; path = Assets.xcassets; sourceTree = "<group>"; };
		8C53BCC223696F4600E2D1A5 /* Preview Assets.xcassets */ = {isa = PBXFileReference; lastKnownFileType = folder.assetcatalog; path = "Preview Assets.xcassets"; sourceTree = "<group>"; };
		8C53BCC523696F4600E2D1A5 /* Base */ = {isa = PBXFileReference; lastKnownFileType = file.storyboard; name = Base; path = Base.lproj/LaunchScreen.storyboard; sourceTree = "<group>"; };
		8C53BCC723696F4600E2D1A5 /* Info.plist */ = {isa = PBXFileReference; lastKnownFileType = text.plist.xml; path = Info.plist; sourceTree = "<group>"; };
		8C53BCCD2369755000E2D1A5 /* MainContentView.swift */ = {isa = PBXFileReference; lastKnownFileType = sourcecode.swift; path = MainContentView.swift; sourceTree = "<group>"; };
		8C53BCCF236977BA00E2D1A5 /* NextView.swift */ = {isa = PBXFileReference; lastKnownFileType = sourcecode.swift; path = NextView.swift; sourceTree = "<group>"; };
		8C53BCD123698E3700E2D1A5 /* LinkImage.swift */ = {isa = PBXFileReference; lastKnownFileType = sourcecode.swift; path = LinkImage.swift; sourceTree = "<group>"; };
/* End PBXFileReference section */

/* Begin PBXFrameworksBuildPhase section */
		8C53BCB323696F4200E2D1A5 /* Frameworks */ = {
			isa = PBXFrameworksBuildPhase;
			buildActionMask = 2147483647;
			files = (
			);
			runOnlyForDeploymentPostprocessing = 0;
		};
/* End PBXFrameworksBuildPhase section */

/* Begin PBXGroup section */
		8C53BCAD23696F4200E2D1A5 = {
			isa = PBXGroup;
			children = (
				8C53BCB823696F4200E2D1A5 /* 03Tabbar */,
				8C53BCB723696F4200E2D1A5 /* Products */,
			);
			sourceTree = "<group>";
		};
		8C53BCB723696F4200E2D1A5 /* Products */ = {
			isa = PBXGroup;
			children = (
				8C53BCB623696F4200E2D1A5 /* 03Tabbar.app */,
			);
			name = Products;
			sourceTree = "<group>";
		};
		8C53BCB823696F4200E2D1A5 /* 03Tabbar */ = {
			isa = PBXGroup;
			children = (
				8C53BCB923696F4200E2D1A5 /* AppDelegate.swift */,
				8C53BCBB23696F4200E2D1A5 /* SceneDelegate.swift */,
				8C53BCCD2369755000E2D1A5 /* MainContentView.swift */,
				8C53BCD123698E3700E2D1A5 /* LinkImage.swift */,
				8C53BCBD23696F4200E2D1A5 /* ContentView.swift */,
				8C53BCCF236977BA00E2D1A5 /* NextView.swift */,
				8C53BCBF23696F4600E2D1A5 /* Assets.xcassets */,
				8C53BCC423696F4600E2D1A5 /* LaunchScreen.storyboard */,
				8C53BCC723696F4600E2D1A5 /* Info.plist */,
				8C53BCC123696F4600E2D1A5 /* Preview Content */,
			);
			path = 03Tabbar;
			sourceTree = "<group>";
		};
		8C53BCC123696F4600E2D1A5 /* Preview Content */ = {
			isa = PBXGroup;
			children = (
				8C53BCC223696F4600E2D1A5 /* Preview Assets.xcassets */,
			);
			path = "Preview Content";
			sourceTree = "<group>";
		};
/* End PBXGroup section */

/* Begin PBXNativeTarget section */
		8C53BCB523696F4200E2D1A5 /* 03Tabbar */ = {
			isa = PBXNativeTarget;
			buildConfigurationList = 8C53BCCA23696F4600E2D1A5 /* Build configuration list for PBXNativeTarget "03Tabbar" */;
			buildPhases = (
				8C53BCB223696F4200E2D1A5 /* Sources */,
				8C53BCB323696F4200E2D1A5 /* Frameworks */,
				8C53BCB423696F4200E2D1A5 /* Resources */,
			);
			buildRules = (
			);
			dependencies = (
			);
			name = 03Tabbar;
			productName = 03Tabbar;
			productReference = 8C53BCB623696F4200E2D1A5 /* 03Tabbar.app */;
			productType = "com.apple.product-type.application";
		};
/* End PBXNativeTarget section */

/* Begin PBXProject section */
		8C53BCAE23696F4200E2D1A5 /* Project object */ = {
			isa = PBXProject;
			attributes = {
				LastSwiftUpdateCheck = 1100;
				LastUpgradeCheck = 1100;
				ORGANIZATIONNAME = "余华";
				TargetAttributes = {
					8C53BCB523696F4200E2D1A5 = {
						CreatedOnToolsVersion = 11.0;
					};
				};
			};
			buildConfigurationList = 8C53BCB123696F4200E2D1A5 /* Build configuration list for PBXProject "03Tabbar" */;
			compatibilityVersion = "Xcode 9.3";
			developmentRegion = en;
			hasScannedForEncodings = 0;
			knownRegions = (
				en,
				Base,
			);
			mainGroup = 8C53BCAD23696F4200E2D1A5;
			productRefGroup = 8C53BCB723696F4200E2D1A5 /* Products */;
			projectDirPath = "";
			projectRoot = "";
			targets = (
				8C53BCB523696F4200E2D1A5 /* 03Tabbar */,
			);
		};
/* End PBXProject section */

/* Begin PBXResourcesBuildPhase section */
		8C53BCB423696F4200E2D1A5 /* Resources */ = {
			isa = PBXResourcesBuildPhase;
			buildActionMask = 2147483647;
			files = (
				8C53BCC623696F4600E2D1A5 /* LaunchScreen.storyboard in Resources */,
				8C53BCC323696F4600E2D1A5 /* Preview Assets.xcassets in Resources */,
				8C53BCC023696F4600E2D1A5 /* Assets.xcassets in Resources */,
			);
			runOnlyForDeploymentPostprocessing = 0;
		};
/* End PBXResourcesBuildPhase section */

/* Begin PBXSourcesBuildPhase section */
		8C53BCB223696F4200E2D1A5 /* Sources */ = {
			isa = PBXSourcesBuildPhase;
			buildActionMask = 2147483647;
			files = (
				8C53BCBA23696F4200E2D1A5 /* AppDelegate.swift in Sources */,
				8C53BCD223698E3700E2D1A5 /* LinkImage.swift in Sources */,
				8C53BCD0236977BA00E2D1A5 /* NextView.swift in Sources */,
				8C53BCBC23696F4200E2D1A5 /* SceneDelegate.swift in Sources */,
				8C53BCBE23696F4200E2D1A5 /* ContentView.swift in Sources */,
				8C53BCCE2369755000E2D1A5 /* MainContentView.swift in Sources */,
			);
			runOnlyForDeploymentPostprocessing = 0;
		};
/* End PBXSourcesBuildPhase section */

/* Begin PBXVariantGroup section */
		8C53BCC423696F4600E2D1A5 /* LaunchScreen.storyboard */ = {
			isa = PBXVariantGroup;
			children = (
				8C53BCC523696F4600E2D1A5 /* Base */,
			);
			name = LaunchScreen.storyboard;
			sourceTree = "<group>";
		};
/* End PBXVariantGroup section */

/* Begin XCBuildConfiguration section */
		8C53BCC823696F4600E2D1A5 /* Debug */ = {
			isa = XCBuildConfiguration;
			buildSettings = {
				ALWAYS_SEARCH_USER_PATHS = NO;
				CLANG_ANALYZER_NONNULL = YES;
				CLANG_ANALYZER_NUMBER_OBJECT_CONVERSION = YES_AGGRESSIVE;
				CLANG_CXX_LANGUAGE_STANDARD = "gnu++14";
				CLANG_CXX_LIBRARY = "libc++";
				CLANG_ENABLE_MODULES = YES;
				CLANG_ENABLE_OBJC_ARC = YES;
				CLANG_ENABLE_OBJC_WEAK = YES;
				CLANG_WARN_BLOCK_CAPTURE_AUTORELEASING = YES;
				CLANG_WARN_BOOL_CONVERSION = YES;
				CLANG_WARN_COMMA = YES;
				CLANG_WARN_CONSTANT_CONVERSION = YES;
				CLANG_WARN_DEPRECATED_OBJC_IMPLEMENTATIONS = YES;
				CLANG_WARN_DIRECT_OBJC_ISA_USAGE = YES_ERROR;
				CLANG_WARN_DOCUMENTATION_COMMENTS = YES;
				CLANG_WARN_EMPTY_BODY = YES;
				CLANG_WARN_ENUM_CONVERSION = YES;
				CLANG_WARN_INFINITE_RECURSION = YES;
				CLANG_WARN_INT_CONVERSION = YES;
				CLANG_WARN_NON_LITERAL_NULL_CONVERSION = YES;
				CLANG_WARN_OBJC_IMPLICIT_RETAIN_SELF = YES;
				CLANG_WARN_OBJC_LITERAL_CONVERSION = YES;
				CLANG_WARN_OBJC_ROOT_CLASS = YES_ERROR;
				CLANG_WARN_RANGE_LOOP_ANALYSIS = YES;
				CLANG_WARN_STRICT_PROTOTYPES = YES;
				CLANG_WARN_SUSPICIOUS_MOVE = YES;
				CLANG_WARN_UNGUARDED_AVAILABILITY = YES_AGGRESSIVE;
				CLANG_WARN_UNREACHABLE_CODE = YES;
				CLANG_WARN__DUPLICATE_METHOD_MATCH = YES;
				COPY_PHASE_STRIP = NO;
				DEBUG_INFORMATION_FORMAT = dwarf;
				ENABLE_STRICT_OBJC_MSGSEND = YES;
				ENABLE_TESTABILITY = YES;
				GCC_C_LANGUAGE_STANDARD = gnu11;
				GCC_DYNAMIC_NO_PIC = NO;
				GCC_NO_COMMON_BLOCKS = YES;
				GCC_OPTIMIZATION_LEVEL = 0;
				GCC_PREPROCESSOR_DEFINITIONS = (
					"DEBUG=1",
					"$(inherited)",
				);
				GCC_WARN_64_TO_32_BIT_CONVERSION = YES;
				GCC_WARN_ABOUT_RETURN_TYPE = YES_ERROR;
				GCC_WARN_UNDECLARED_SELECTOR = YES;
				GCC_WARN_UNINITIALIZED_AUTOS = YES_AGGRESSIVE;
				GCC_WARN_UNUSED_FUNCTION = YES;
				GCC_WARN_UNUSED_VARIABLE = YES;
				IPHONEOS_DEPLOYMENT_TARGET = 13.0;
				MTL_ENABLE_DEBUG_INFO = INCLUDE_SOURCE;
				MTL_FAST_MATH = YES;
				ONLY_ACTIVE_ARCH = YES;
				SDKROOT = iphoneos;
				SWIFT_ACTIVE_COMPILATION_CONDITIONS = DEBUG;
				SWIFT_OPTIMIZATION_LEVEL = "-Onone";
			};
			name = Debug;
		};
		8C53BCC923696F4600E2D1A5 /* Release */ = {
			isa = XCBuildConfiguration;
			buildSettings = {
				ALWAYS_SEARCH_USER_PATHS = NO;
				CLANG_ANALYZER_NONNULL = YES;
				CLANG_ANALYZER_NUMBER_OBJECT_CONVERSION = YES_AGGRESSIVE;
				CLANG_CXX_LANGUAGE_STANDARD = "gnu++14";
				CLANG_CXX_LIBRARY = "libc++";
				CLANG_ENABLE_MODULES = YES;
				CLANG_ENABLE_OBJC_ARC = YES;
				CLANG_ENABLE_OBJC_WEAK = YES;
				CLANG_WARN_BLOCK_CAPTURE_AUTORELEASING = YES;
				CLANG_WARN_BOOL_CONVERSION = YES;
				CLANG_WARN_COMMA = YES;
				CLANG_WARN_CONSTANT_CONVERSION = YES;
				CLANG_WARN_DEPRECATED_OBJC_IMPLEMENTATIONS = YES;
				CLANG_WARN_DIRECT_OBJC_ISA_USAGE = YES_ERROR;
				CLANG_WARN_DOCUMENTATION_COMMENTS = YES;
				CLANG_WARN_EMPTY_BODY = YES;
				CLANG_WARN_ENUM_CONVERSION = YES;
				CLANG_WARN_INFINITE_RECURSION = YES;
				CLANG_WARN_INT_CONVERSION = YES;
				CLANG_WARN_NON_LITERAL_NULL_CONVERSION = YES;
				CLANG_WARN_OBJC_IMPLICIT_RETAIN_SELF = YES;
				CLANG_WARN_OBJC_LITERAL_CONVERSION = YES;
				CLANG_WARN_OBJC_ROOT_CLASS = YES_ERROR;
				CLANG_WARN_RANGE_LOOP_ANALYSIS = YES;
				CLANG_WARN_STRICT_PROTOTYPES = YES;
				CLANG_WARN_SUSPICIOUS_MOVE = YES;
				CLANG_WARN_UNGUARDED_AVAILABILITY = YES_AGGRESSIVE;
				CLANG_WARN_UNREACHABLE_CODE = YES;
				CLANG_WARN__DUPLICATE_METHOD_MATCH = YES;
				COPY_PHASE_STRIP = NO;
				DEBUG_INFORMATION_FORMAT = "dwarf-with-dsym";
				ENABLE_NS_ASSERTIONS = NO;
				ENABLE_STRICT_OBJC_MSGSEND = YES;
				GCC_C_LANGUAGE_STANDARD = gnu11;
				GCC_NO_COMMON_BLOCKS = YES;
				GCC_WARN_64_TO_32_BIT_CONVERSION = YES;
				GCC_WARN_ABOUT_RETURN_TYPE = YES_ERROR;
				GCC_WARN_UNDECLARED_SELECTOR = YES;
				GCC_WARN_UNINITIALIZED_AUTOS = YES_AGGRESSIVE;
				GCC_WARN_UNUSED_FUNCTION = YES;
				GCC_WARN_UNUSED_VARIABLE = YES;
				IPHONEOS_DEPLOYMENT_TARGET = 13.0;
				MTL_ENABLE_DEBUG_INFO = NO;
				MTL_FAST_MATH = YES;
				SDKROOT = iphoneos;
				SWIFT_COMPILATION_MODE = wholemodule;
				SWIFT_OPTIMIZATION_LEVEL = "-O";
				VALIDATE_PRODUCT = YES;
			};
			name = Release;
		};
		8C53BCCB23696F4600E2D1A5 /* Debug */ = {
			isa = XCBuildConfiguration;
			buildSettings = {
				ASSETCATALOG_COMPILER_APPICON_NAME = AppIcon;
				CODE_SIGN_STYLE = Automatic;
				DEVELOPMENT_ASSET_PATHS = "\"03Tabbar/Preview Content\"";
				DEVELOPMENT_TEAM = 25M28Y8C46;
				ENABLE_PREVIEWS = YES;
				INFOPLIST_FILE = 03Tabbar/Info.plist;
				LD_RUNPATH_SEARCH_PATHS = (
					"$(inherited)",
					"@executable_path/Frameworks",
				);
				PRODUCT_BUNDLE_IDENTIFIER = "com.yuhua.-3Tabbar";
				PRODUCT_NAME = "$(TARGET_NAME)";
				SWIFT_VERSION = 5.0;
				TARGETED_DEVICE_FAMILY = "1,2";
			};
			name = Debug;
		};
		8C53BCCC23696F4600E2D1A5 /* Release */ = {
			isa = XCBuildConfiguration;
			buildSettings = {
				ASSETCATALOG_COMPILER_APPICON_NAME = AppIcon;
				CODE_SIGN_STYLE = Automatic;
				DEVELOPMENT_ASSET_PATHS = "\"03Tabbar/Preview Content\"";
				DEVELOPMENT_TEAM = 25M28Y8C46;
				ENABLE_PREVIEWS = YES;
				INFOPLIST_FILE = 03Tabbar/Info.plist;
				LD_RUNPATH_SEARCH_PATHS = (
					"$(inherited)",
					"@executable_path/Frameworks",
				);
				PRODUCT_BUNDLE_IDENTIFIER = "com.yuhua.-3Tabbar";
				PRODUCT_NAME = "$(TARGET_NAME)";
				SWIFT_VERSION = 5.0;
				TARGETED_DEVICE_FAMILY = "1,2";
			};
			name = Release;
		};
/* End XCBuildConfiguration section */

/* Begin XCConfigurationList section */
		8C53BCB123696F4200E2D1A5 /* Build configuration list for PBXProject "03Tabbar" */ = {
			isa = XCConfigurationList;
			buildConfigurations = (
				8C53BCC823696F4600E2D1A5 /* Debug */,
				8C53BCC923696F4600E2D1A5 /* Release */,
			);
			defaultConfigurationIsVisible = 0;
			defaultConfigurationName = Release;
		};
		8C53BCCA23696F4600E2D1A5 /* Build configuration list for PBXNativeTarget "03Tabbar" */ = {
			isa = XCConfigurationList;
			buildConfigurations = (
				8C53BCCB23696F4600E2D1A5 /* Debug */,
				8C53BCCC23696F4600E2D1A5 /* Release */,
			);
			defaultConfigurationIsVisible = 0;
			defaultConfigurationName = Release;
		};
/* End XCConfigurationList section */
	};
	rootObject = 8C53BCAE23696F4200E2D1A5 /* Project object */;
}
